
Microsoft Visual Studio Solution File, Format Version 12.00
# Visual Studio Version 17
VisualStudioVersion = 17.5.002.0
MinimumVisualStudioVersion = 10.0.40219.1
Project("{FAE04EC0-301F-11D3-BF4B-00C04F79EFBC}") = "TwoSum.Tests", "TwoSum.Tests\TwoSum.Tests.csproj", "{649F2104-D528-4F13-8596-DA65BAD45C3A}"
EndProject
Global
	GlobalSection(SolutionConfigurationPlatforms) = preSolution
		Debug|Any CPU = Debug|Any CPU
		Release|Any CPU = Release|Any CPU
	EndGlobalSection
	GlobalSection(ProjectConfigurationPlatforms) = postSolution
		{649F2104-D528-4F13-8596-DA65BAD45C3A}.Debug|Any CPU.ActiveCfg = Debug|Any CPU
		{649F2104-D528-4F13-8596-DA65BAD45C3A}.Debug|Any CPU.Build.0 = Debug|Any CPU
		{649F2104-D528-4F13-8596-DA65BAD45C3A}.Release|Any CPU.ActiveCfg = Release|Any CPU
		{649F2104-D528-4F13-8596-DA65BAD45C3A}.Release|Any CPU.Build.0 = Release|Any CPU
	EndGlobalSection
	GlobalSection(SolutionProperties) = preSolution
		HideSolutionNode = FALSE
	EndGlobalSection
	GlobalSection(ExtensibilityGlobals) = postSolution
		SolutionGuid = {FF7C0ACB-48B8-46DA-9900-3667F854BD84}
	EndGlobalSection
EndGlobal
